
Microsoft Visual Studio Solution File, Format Version 12.00
# Visual Studio Version 16
VisualStudioVersion = 16.0.31613.86
MinimumVisualStudioVersion = 10.0.40219.1
Project("{9A19103F-16F7-4668-BE54-9A1E7A4F7556}") = "ApiJogos", "ApiJogos\ApiJogos.csproj", "{3553B7F5-1FBE-452C-BB1B-9E106FD98A59}"
EndProject
Global
	GlobalSection(SolutionConfigurationPlatforms) = preSolution
		Debug|Any CPU = Debug|Any CPU
		Release|Any CPU = Release|Any CPU
	EndGlobalSection
	GlobalSection(ProjectConfigurationPlatforms) = postSolution
		{3553B7F5-1FBE-452C-BB1B-9E106FD98A59}.Debug|Any CPU.ActiveCfg = Debug|Any CPU
		{3553B7F5-1FBE-452C-BB1B-9E106FD98A59}.Debug|Any CPU.Build.0 = Debug|Any CPU
		{3553B7F5-1FBE-452C-BB1B-9E106FD98A59}.Release|Any CPU.ActiveCfg = Release|Any CPU
		{3553B7F5-1FBE-452C-BB1B-9E106FD98A59}.Release|Any CPU.Build.0 = Release|Any CPU
	EndGlobalSection
	GlobalSection(SolutionProperties) = preSolution
		HideSolutionNode = FALSE
	EndGlobalSection
	GlobalSection(ExtensibilityGlobals) = postSolution
		SolutionGuid = {B088BA12-D111-4416-820D-47195CCC9D78}
	EndGlobalSection
EndGlobal
